
Microsoft Visual Studio Solution File, Format Version 12.00
# Visual Studio Version 17
VisualStudioVersion = 17.11.34929.205
MinimumVisualStudioVersion = 10.0.40219.1
Project("{9A19103F-16F7-4668-BE54-9A1E7A4F7556}") = "SignalR.Chat.Hubs", "SignalR.Chat.Hubs\SignalR.Chat.Hubs.csproj", "{052405FE-39FB-48B4-A799-08F3E487B9DA}"
EndProject
Project("{9A19103F-16F7-4668-BE54-9A1E7A4F7556}") = "SignalR.Chat.Server", "SignalR.Chat.Server\SignalR.Chat.Server.csproj", "{583752EE-FA10-4FEC-AEB5-F418ABB82BA8}"
EndProject
Project("{FAE04EC0-301F-11D3-BF4B-00C04F79EFBC}") = "SignalR.Chat.ConsoleClient", "SignalR.Chat.ConsoleClient\SignalR.Chat.ConsoleClient.csproj", "{221408C7-7E9D-4B43-AA15-50C1D1BA2D6C}"
EndProject
Global
	GlobalSection(SolutionConfigurationPlatforms) = preSolution
		Debug|Any CPU = Debug|Any CPU
		Release|Any CPU = Release|Any CPU
	EndGlobalSection
	GlobalSection(ProjectConfigurationPlatforms) = postSolution
		{052405FE-39FB-48B4-A799-08F3E487B9DA}.Debug|Any CPU.ActiveCfg = Debug|Any CPU
		{052405FE-39FB-48B4-A799-08F3E487B9DA}.Debug|Any CPU.Build.0 = Debug|Any CPU
		{052405FE-39FB-48B4-A799-08F3E487B9DA}.Release|Any CPU.ActiveCfg = Release|Any CPU
		{052405FE-39FB-48B4-A799-08F3E487B9DA}.Release|Any CPU.Build.0 = Release|Any CPU
		{583752EE-FA10-4FEC-AEB5-F418ABB82BA8}.Debug|Any CPU.ActiveCfg = Debug|Any CPU
		{583752EE-FA10-4FEC-AEB5-F418ABB82BA8}.Debug|Any CPU.Build.0 = Debug|Any CPU
		{583752EE-FA10-4FEC-AEB5-F418ABB82BA8}.Release|Any CPU.ActiveCfg = Release|Any CPU
		{583752EE-FA10-4FEC-AEB5-F418ABB82BA8}.Release|Any CPU.Build.0 = Release|Any CPU
		{221408C7-7E9D-4B43-AA15-50C1D1BA2D6C}.Debug|Any CPU.ActiveCfg = Debug|Any CPU
		{221408C7-7E9D-4B43-AA15-50C1D1BA2D6C}.Debug|Any CPU.Build.0 = Debug|Any CPU
		{221408C7-7E9D-4B43-AA15-50C1D1BA2D6C}.Release|Any CPU.ActiveCfg = Release|Any CPU
		{221408C7-7E9D-4B43-AA15-50C1D1BA2D6C}.Release|Any CPU.Build.0 = Release|Any CPU
	EndGlobalSection
	GlobalSection(SolutionProperties) = preSolution
		HideSolutionNode = FALSE
	EndGlobalSection
	GlobalSection(ExtensibilityGlobals) = postSolution
		SolutionGuid = {BF792AAF-D10B-4483-A00C-5E656B4E01DC}
	EndGlobalSection
EndGlobal
