
Microsoft Visual Studio Solution File, Format Version 12.00
# Visual Studio Version 17
VisualStudioVersion = 17.11.34929.205
MinimumVisualStudioVersion = 10.0.40219.1
Project("{9A19103F-16F7-4668-BE54-9A1E7A4F7556}") = "AspIT.RelayChat.Server", "AspIT.RelayChat.Server\AspIT.RelayChat.Server.csproj", "{71838144-ECC7-4DAD-87E7-60A107C47A79}"
EndProject
Project("{FAE04EC0-301F-11D3-BF4B-00C04F79EFBC}") = "AspIT.RelayChat.Frontend", "AspIT.RelayChat.Frontend\AspIT.RelayChat.Frontend\AspIT.RelayChat.Frontend.csproj", "{8317C27A-014B-43AC-B1AE-3C50FBB81BBB}"
EndProject
Project("{FAE04EC0-301F-11D3-BF4B-00C04F79EFBC}") = "AspIT.RelayChat.Frontend.Client", "AspIT.RelayChat.Frontend\AspIT.RelayChat.Frontend.Client\AspIT.RelayChat.Frontend.Client.csproj", "{6D6A821F-A354-4316-AB12-DCBE2291DA84}"
EndProject
Global
	GlobalSection(SolutionConfigurationPlatforms) = preSolution
		Debug|Any CPU = Debug|Any CPU
		Release|Any CPU = Release|Any CPU
	EndGlobalSection
	GlobalSection(ProjectConfigurationPlatforms) = postSolution
		{71838144-ECC7-4DAD-87E7-60A107C47A79}.Debug|Any CPU.ActiveCfg = Debug|Any CPU
		{71838144-ECC7-4DAD-87E7-60A107C47A79}.Debug|Any CPU.Build.0 = Debug|Any CPU
		{71838144-ECC7-4DAD-87E7-60A107C47A79}.Release|Any CPU.ActiveCfg = Release|Any CPU
		{71838144-ECC7-4DAD-87E7-60A107C47A79}.Release|Any CPU.Build.0 = Release|Any CPU
		{8317C27A-014B-43AC-B1AE-3C50FBB81BBB}.Debug|Any CPU.ActiveCfg = Debug|Any CPU
		{8317C27A-014B-43AC-B1AE-3C50FBB81BBB}.Debug|Any CPU.Build.0 = Debug|Any CPU
		{8317C27A-014B-43AC-B1AE-3C50FBB81BBB}.Release|Any CPU.ActiveCfg = Release|Any CPU
		{8317C27A-014B-43AC-B1AE-3C50FBB81BBB}.Release|Any CPU.Build.0 = Release|Any CPU
		{6D6A821F-A354-4316-AB12-DCBE2291DA84}.Debug|Any CPU.ActiveCfg = Debug|Any CPU
		{6D6A821F-A354-4316-AB12-DCBE2291DA84}.Debug|Any CPU.Build.0 = Debug|Any CPU
		{6D6A821F-A354-4316-AB12-DCBE2291DA84}.Release|Any CPU.ActiveCfg = Release|Any CPU
		{6D6A821F-A354-4316-AB12-DCBE2291DA84}.Release|Any CPU.Build.0 = Release|Any CPU
	EndGlobalSection
	GlobalSection(SolutionProperties) = preSolution
		HideSolutionNode = FALSE
	EndGlobalSection
	GlobalSection(ExtensibilityGlobals) = postSolution
		SolutionGuid = {B35FA1C6-FAE6-44F0-B091-8F89886F9067}
	EndGlobalSection
EndGlobal
